Microsoft Visual Studio Solution File, Format Version 12.00
# Visual Studio Version 17
VisualStudioVersion = 17.5.2.0
MinimumVisualStudioVersion = 10.0.40219.1
Project("{FAE04EC0-301F-11D3-BF4B-00C04F79EFBC}") = "junpro-mania-mantap", "junpro-mania-mantap.csproj", "{4272465E-A79A-D5C4-D518-A0F6A78884D5}"
EndProject
Global
	GlobalSection(SolutionConfigurationPlatforms) = preSolution
		Debug|Any CPU = Debug|Any CPU
		Release|Any CPU = Release|Any CPU
	EndGlobalSection
	GlobalSection(ProjectConfigurationPlatforms) = postSolution
		{4272465E-A79A-D5C4-D518-A0F6A78884D5}.Debug|Any CPU.ActiveCfg = Debug|Any CPU
		{4272465E-A79A-D5C4-D518-A0F6A78884D5}.Debug|Any CPU.Build.0 = Debug|Any CPU
		{4272465E-A79A-D5C4-D518-A0F6A78884D5}.Release|Any CPU.ActiveCfg = Release|Any CPU
		{4272465E-A79A-D5C4-D518-A0F6A78884D5}.Release|Any CPU.Build.0 = Release|Any CPU
	EndGlobalSection
	GlobalSection(SolutionProperties) = preSolution
		HideSolutionNode = FALSE
	EndGlobalSection
	GlobalSection(ExtensibilityGlobals) = postSolution
		SolutionGuid = {1DBD8651-5957-429C-B868-23E9DEA5D56E}
	EndGlobalSection
EndGlobal
